
Microsoft Visual Studio Solution File, Format Version 12.00
# Visual Studio Version 16
VisualStudioVersion = 16.0.30114.105
MinimumVisualStudioVersion = 10.0.40219.1
Project("{FAE04EC0-301F-11D3-BF4B-00C04F79EFBC}") = "Week_1_Further_Challenges", "Week_1_Further_Challenges\Week_1_Further_Challenges.csproj", "{3C98C46F-4A91-4DD6-9ABB-35E073740854}"
EndProject
Project("{FAE04EC0-301F-11D3-BF4B-00C04F79EFBC}") = "Week_1_Further_ChallengesLibrary", "Week_1_Further_ChallengesLibrary\Week_1_Further_ChallengesLibrary.csproj", "{477BC159-1A20-4BD1-A6D8-80DD6CAD6989}"
EndProject
Global
	GlobalSection(SolutionConfigurationPlatforms) = preSolution
		Debug|Any CPU = Debug|Any CPU
		Release|Any CPU = Release|Any CPU
	EndGlobalSection
	GlobalSection(SolutionProperties) = preSolution
		HideSolutionNode = FALSE
	EndGlobalSection
	GlobalSection(ProjectConfigurationPlatforms) = postSolution
		{3C98C46F-4A91-4DD6-9ABB-35E073740854}.Debug|Any CPU.ActiveCfg = Debug|Any CPU
		{3C98C46F-4A91-4DD6-9ABB-35E073740854}.Debug|Any CPU.Build.0 = Debug|Any CPU
		{3C98C46F-4A91-4DD6-9ABB-35E073740854}.Release|Any CPU.ActiveCfg = Release|Any CPU
		{3C98C46F-4A91-4DD6-9ABB-35E073740854}.Release|Any CPU.Build.0 = Release|Any CPU
		{477BC159-1A20-4BD1-A6D8-80DD6CAD6989}.Debug|Any CPU.ActiveCfg = Debug|Any CPU
		{477BC159-1A20-4BD1-A6D8-80DD6CAD6989}.Debug|Any CPU.Build.0 = Debug|Any CPU
		{477BC159-1A20-4BD1-A6D8-80DD6CAD6989}.Release|Any CPU.ActiveCfg = Release|Any CPU
		{477BC159-1A20-4BD1-A6D8-80DD6CAD6989}.Release|Any CPU.Build.0 = Release|Any CPU
	EndGlobalSection
EndGlobal
