
Microsoft Visual Studio Solution File, Format Version 12.00
# Visual Studio Version 16
VisualStudioVersion = 16.0.30114.105
MinimumVisualStudioVersion = 10.0.40219.1
Project("{FAE04EC0-301F-11D3-BF4B-00C04F79EFBC}") = "Week_1_Challenge_1", "Week_1_Challenge_1\Week_1_Challenge_1.csproj", "{7A63F2D1-F189-46EB-BB40-4DCDC9F603CC}"
EndProject
Project("{FAE04EC0-301F-11D3-BF4B-00C04F79EFBC}") = "Week_1_Challenge_1Library", "Week_1_Challenge_1Library\Week_1_Challenge_1Library.csproj", "{CFA21AD7-C59E-44CC-962C-BADBA9C4DFEC}"
EndProject
Global
	GlobalSection(SolutionConfigurationPlatforms) = preSolution
		Debug|Any CPU = Debug|Any CPU
		Release|Any CPU = Release|Any CPU
	EndGlobalSection
	GlobalSection(SolutionProperties) = preSolution
		HideSolutionNode = FALSE
	EndGlobalSection
	GlobalSection(ProjectConfigurationPlatforms) = postSolution
		{7A63F2D1-F189-46EB-BB40-4DCDC9F603CC}.Debug|Any CPU.ActiveCfg = Debug|Any CPU
		{7A63F2D1-F189-46EB-BB40-4DCDC9F603CC}.Debug|Any CPU.Build.0 = Debug|Any CPU
		{7A63F2D1-F189-46EB-BB40-4DCDC9F603CC}.Release|Any CPU.ActiveCfg = Release|Any CPU
		{7A63F2D1-F189-46EB-BB40-4DCDC9F603CC}.Release|Any CPU.Build.0 = Release|Any CPU
		{CFA21AD7-C59E-44CC-962C-BADBA9C4DFEC}.Debug|Any CPU.ActiveCfg = Debug|Any CPU
		{CFA21AD7-C59E-44CC-962C-BADBA9C4DFEC}.Debug|Any CPU.Build.0 = Debug|Any CPU
		{CFA21AD7-C59E-44CC-962C-BADBA9C4DFEC}.Release|Any CPU.ActiveCfg = Release|Any CPU
		{CFA21AD7-C59E-44CC-962C-BADBA9C4DFEC}.Release|Any CPU.Build.0 = Release|Any CPU
	EndGlobalSection
EndGlobal
